
Microsoft Visual Studio Solution File, Format Version 12.00
# Visual Studio 15
VisualStudioVersion = 15.0.28010.0
MinimumVisualStudioVersion = 10.0.40219.1
Project("{9A19103F-16F7-4668-BE54-9A1E7A4F7556}") = "Borrower.Dto", "Borrower.Dto\Borrower.Dto.csproj", "{A507E991-47B9-4009-9AD0-6D4A29AD4683}"
EndProject
Project("{9A19103F-16F7-4668-BE54-9A1E7A4F7556}") = "Borrower.Dal", "Borrower.Dal\Borrower.Dal.csproj", "{E5604363-FA1D-4EB9-8E03-0CA4E33F2989}"
EndProject
Project("{9A19103F-16F7-4668-BE54-9A1E7A4F7556}") = "Borrower.Services", "Borrower.Services\Borrower.Services.csproj", "{539C592B-A885-49B5-ABB5-17504F4FD70B}"
EndProject
Project("{9A19103F-16F7-4668-BE54-9A1E7A4F7556}") = "IdealFinantial", "IdealFinantial\IdealFinantial.csproj", "{4F1FBE58-ACD4-469B-8013-1C136C6D8FF2}"
EndProject
Global
	GlobalSection(SolutionConfigurationPlatforms) = preSolution
		Debug|Any CPU = Debug|Any CPU
		Release|Any CPU = Release|Any CPU
	EndGlobalSection
	GlobalSection(ProjectConfigurationPlatforms) = postSolution
		{A507E991-47B9-4009-9AD0-6D4A29AD4683}.Debug|Any CPU.ActiveCfg = Debug|Any CPU
		{A507E991-47B9-4009-9AD0-6D4A29AD4683}.Debug|Any CPU.Build.0 = Debug|Any CPU
		{A507E991-47B9-4009-9AD0-6D4A29AD4683}.Release|Any CPU.ActiveCfg = Release|Any CPU
		{A507E991-47B9-4009-9AD0-6D4A29AD4683}.Release|Any CPU.Build.0 = Release|Any CPU
		{E5604363-FA1D-4EB9-8E03-0CA4E33F2989}.Debug|Any CPU.ActiveCfg = Debug|Any CPU
		{E5604363-FA1D-4EB9-8E03-0CA4E33F2989}.Debug|Any CPU.Build.0 = Debug|Any CPU
		{E5604363-FA1D-4EB9-8E03-0CA4E33F2989}.Release|Any CPU.ActiveCfg = Release|Any CPU
		{E5604363-FA1D-4EB9-8E03-0CA4E33F2989}.Release|Any CPU.Build.0 = Release|Any CPU
		{539C592B-A885-49B5-ABB5-17504F4FD70B}.Debug|Any CPU.ActiveCfg = Debug|Any CPU
		{539C592B-A885-49B5-ABB5-17504F4FD70B}.Debug|Any CPU.Build.0 = Debug|Any CPU
		{539C592B-A885-49B5-ABB5-17504F4FD70B}.Release|Any CPU.ActiveCfg = Release|Any CPU
		{539C592B-A885-49B5-ABB5-17504F4FD70B}.Release|Any CPU.Build.0 = Release|Any CPU
		{4F1FBE58-ACD4-469B-8013-1C136C6D8FF2}.Debug|Any CPU.ActiveCfg = Debug|Any CPU
		{4F1FBE58-ACD4-469B-8013-1C136C6D8FF2}.Debug|Any CPU.Build.0 = Debug|Any CPU
		{4F1FBE58-ACD4-469B-8013-1C136C6D8FF2}.Release|Any CPU.ActiveCfg = Release|Any CPU
		{4F1FBE58-ACD4-469B-8013-1C136C6D8FF2}.Release|Any CPU.Build.0 = Release|Any CPU
	EndGlobalSection
	GlobalSection(SolutionProperties) = preSolution
		HideSolutionNode = FALSE
	EndGlobalSection
	GlobalSection(ExtensibilityGlobals) = postSolution
		SolutionGuid = {5FD6726D-C6B7-4C65-AD71-9A2F25876C7D}
	EndGlobalSection
EndGlobal
